// !$*UTF8*$!
{
	archiveVersion = 1;
	classes = {
	};
	objectVersion = 56;
	objects = {

/* Begin PBXBuildFile section */
		847770692AE44B0600811CF3 /* Assignment4App.swift in Sources */ = {isa = PBXBuildFile; fileRef = 847770682AE44B0600811CF3 /* Assignment4App.swift */; };
		8477706B2AE44B0600811CF3 /* ContentView.swift in Sources */ = {isa = PBXBuildFile; fileRef = 8477706A2AE44B0600811CF3 /* ContentView.swift */; };
		8477706D2AE44B0800811CF3 /* Assets.xcassets in Resources */ = {isa = PBXBuildFile; fileRef = 8477706C2AE44B0800811CF3 /* Assets.xcassets */; };
		847770712AE44B0800811CF3 /* Preview Assets.xcassets in Resources */ = {isa = PBXBuildFile; fileRef = 847770702AE44B0800811CF3 /* Preview Assets.xcassets */; };
		8477707B2AE44B0800811CF3 /* Assignment4Tests.swift in Sources */ = {isa = PBXBuildFile; fileRef = 8477707A2AE44B0800811CF3 /* Assignment4Tests.swift */; };
		847770852AE44B0800811CF3 /* Assignment4UITests.swift in Sources */ = {isa = PBXBuildFile; fileRef = 847770842AE44B0800811CF3 /* Assignment4UITests.swift */; };
		847770872AE44B0800811CF3 /* Assignment4UITestsLaunchTests.swift in Sources */ = {isa = PBXBuildFile; fileRef = 847770862AE44B0800811CF3 /* Assignment4UITestsLaunchTests.swift */; };
/* End PBXBuildFile section */

/* Begin PBXContainerItemProxy section */
		847770772AE44B0800811CF3 /* PBXContainerItemProxy */ = {
			isa = PBXContainerItemProxy;
			containerPortal = 8477705D2AE44B0600811CF3 /* Project object */;
			proxyType = 1;
			remoteGlobalIDString = 847770642AE44B0600811CF3;
			remoteInfo = Assignment4;
		};
		847770812AE44B0800811CF3 /* PBXContainerItemProxy */ = {
			isa = PBXContainerItemProxy;
			containerPortal = 8477705D2AE44B0600811CF3 /* Project object */;
			proxyType = 1;
			remoteGlobalIDString = 847770642AE44B0600811CF3;
			remoteInfo = Assignment4;
		};
/* End PBXContainerItemProxy section */

/* Begin PBXFileReference section */
		847770652AE44B0600811CF3 /* Assignment4.app */ = {isa = PBXFileReference; explicitFileType = wrapper.application; includeInIndex = 0; path = Assignment4.app; sourceTree = BUILT_PRODUCTS_DIR; };
		847770682AE44B0600811CF3 /* Assignment4App.swift */ = {isa = PBXFileReference; lastKnownFileType = sourcecode.swift; path = Assignment4App.swift; sourceTree = "<group>"; };
		8477706A2AE44B0600811CF3 /* ContentView.swift */ = {isa = PBXFileReference; lastKnownFileType = sourcecode.swift; path = ContentView.swift; sourceTree = "<group>"; };
		8477706C2AE44B0800811CF3 /* Assets.xcassets */ = {isa = PBXFileReference; lastKnownFileType = folder.assetcatalog; path = Assets.xcassets; sourceTree = "<group>"; };
		8477706E2AE44B0800811CF3 /* Assignment4.entitlements */ = {isa = PBXFileReference; lastKnownFileType = text.plist.entitlements; path = Assignment4.entitlements; sourceTree = "<group>"; };
		847770702AE44B0800811CF3 /* Preview Assets.xcassets */ = {isa = PBXFileReference; lastKnownFileType = folder.assetcatalog; path = "Preview Assets.xcassets"; sourceTree = "<group>"; };
		847770762AE44B0800811CF3 /* Assignment4Tests.xctest */ = {isa = PBXFileReference; explicitFileType = wrapper.cfbundle; includeInIndex = 0; path = Assignment4Tests.xctest; sourceTree = BUILT_PRODUCTS_DIR; };
		8477707A2AE44B0800811CF3 /* Assignment4Tests.swift */ = {isa = PBXFileReference; lastKnownFileType = sourcecode.swift; path = Assignment4Tests.swift; sourceTree = "<group>"; };
		847770802AE44B0800811CF3 /* Assignment4UITests.xctest */ = {isa = PBXFileReference; explicitFileType = wrapper.cfbundle; includeInIndex = 0; path = Assignment4UITests.xctest; sourceTree = BUILT_PRODUCTS_DIR; };
		847770842AE44B0800811CF3 /* Assignment4UITests.swift */ = {isa = PBXFileReference; lastKnownFileType = sourcecode.swift; path = Assignment4UITests.swift; sourceTree = "<group>"; };
		847770862AE44B0800811CF3 /* Assignment4UITestsLaunchTests.swift */ = {isa = PBXFileReference; lastKnownFileType = sourcecode.swift; path = Assignment4UITestsLaunchTests.swift; sourceTree = "<group>"; };
/* End PBXFileReference section */

/* Begin PBXFrameworksBuildPhase section */
		847770622AE44B0600811CF3 /* Frameworks */ = {
			isa = PBXFrameworksBuildPhase;
			buildActionMask = 2147483647;
			files = (
			);
			runOnlyForDeploymentPostprocessing = 0;
		};
		847770732AE44B0800811CF3 /* Frameworks */ = {
			isa = PBXFrameworksBuildPhase;
			buildActionMask = 2147483647;
			files = (
			);
			runOnlyForDeploymentPostprocessing = 0;
		};
		8477707D2AE44B0800811CF3 /* Frameworks */ = {
			isa = PBXFrameworksBuildPhase;
			buildActionMask = 2147483647;
			files = (
			);
			runOnlyForDeploymentPostprocessing = 0;
		};
/* End PBXFrameworksBuildPhase section */

/* Begin PBXGroup section */
		8477705C2AE44B0600811CF3 = {
			isa = PBXGroup;
			children = (
				847770672AE44B0600811CF3 /* Assignment4 */,
				847770792AE44B0800811CF3 /* Assignment4Tests */,
				847770832AE44B0800811CF3 /* Assignment4UITests */,
				847770662AE44B0600811CF3 /* Products */,
			);
			sourceTree = "<group>";
		};
		847770662AE44B0600811CF3 /* Products */ = {
			isa = PBXGroup;
			children = (
				847770652AE44B0600811CF3 /* Assignment4.app */,
				847770762AE44B0800811CF3 /* Assignment4Tests.xctest */,
				847770802AE44B0800811CF3 /* Assignment4UITests.xctest */,
			);
			name = Products;
			sourceTree = "<group>";
		};
		847770672AE44B0600811CF3 /* Assignment4 */ = {
			isa = PBXGroup;
			children = (
				847770682AE44B0600811CF3 /* Assignment4App.swift */,
				8477706A2AE44B0600811CF3 /* ContentView.swift */,
				8477706C2AE44B0800811CF3 /* Assets.xcassets */,
				8477706E2AE44B0800811CF3 /* Assignment4.entitlements */,
				8477706F2AE44B0800811CF3 /* Preview Content */,
			);
			path = Assignment4;
			sourceTree = "<group>";
		};
		8477706F2AE44B0800811CF3 /* Preview Content */ = {
			isa = PBXGroup;
			children = (
				847770702AE44B0800811CF3 /* Preview Assets.xcassets */,
			);
			path = "Preview Content";
			sourceTree = "<group>";
		};
		847770792AE44B0800811CF3 /* Assignment4Tests */ = {
			isa = PBXGroup;
			children = (
				8477707A2AE44B0800811CF3 /* Assignment4Tests.swift */,
			);
			path = Assignment4Tests;
			sourceTree = "<group>";
		};
		847770832AE44B0800811CF3 /* Assignment4UITests */ = {
			isa = PBXGroup;
			children = (
				847770842AE44B0800811CF3 /* Assignment4UITests.swift */,
				847770862AE44B0800811CF3 /* Assignment4UITestsLaunchTests.swift */,
			);
			path = Assignment4UITests;
			sourceTree = "<group>";
		};
/* End PBXGroup section */

/* Begin PBXNativeTarget section */
		847770642AE44B0600811CF3 /* Assignment4 */ = {
			isa = PBXNativeTarget;
			buildConfigurationList = 8477708A2AE44B0800811CF3 /* Build configuration list for PBXNativeTarget "Assignment4" */;
			buildPhases = (
				847770612AE44B0600811CF3 /* Sources */,
				847770622AE44B0600811CF3 /* Frameworks */,
				847770632AE44B0600811CF3 /* Resources */,
			);
			buildRules = (
			);
			dependencies = (
			);
			name = Assignment4;
			productName = Assignment4;
			productReference = 847770652AE44B0600811CF3 /* Assignment4.app */;
			productType = "com.apple.product-type.application";
		};
		847770752AE44B0800811CF3 /* Assignment4Tests */ = {
			isa = PBXNativeTarget;
			buildConfigurationList = 8477708D2AE44B0800811CF3 /* Build configuration list for PBXNativeTarget "Assignment4Tests" */;
			buildPhases = (
				847770722AE44B0800811CF3 /* Sources */,
				847770732AE44B0800811CF3 /* Frameworks */,
				847770742AE44B0800811CF3 /* Resources */,
			);
			buildRules = (
			);
			dependencies = (
				847770782AE44B0800811CF3 /* PBXTargetDependency */,
			);
			name = Assignment4Tests;
			productName = Assignment4Tests;
			productReference = 847770762AE44B0800811CF3 /* Assignment4Tests.xctest */;
			productType = "com.apple.product-type.bundle.unit-test";
		};
		8477707F2AE44B0800811CF3 /* Assignment4UITests */ = {
			isa = PBXNativeTarget;
			buildConfigurationList = 847770902AE44B0800811CF3 /* Build configuration list for PBXNativeTarget "Assignment4UITests" */;
			buildPhases = (
				8477707C2AE44B0800811CF3 /* Sources */,
				8477707D2AE44B0800811CF3 /* Frameworks */,
				8477707E2AE44B0800811CF3 /* Resources */,
			);
			buildRules = (
			);
			dependencies = (
				847770822AE44B0800811CF3 /* PBXTargetDependency */,
			);
			name = Assignment4UITests;
			productName = Assignment4UITests;
			productReference = 847770802AE44B0800811CF3 /* Assignment4UITests.xctest */;
			productType = "com.apple.product-type.bundle.ui-testing";
		};
/* End PBXNativeTarget section */

/* Begin PBXProject section */
		8477705D2AE44B0600811CF3 /* Project object */ = {
			isa = PBXProject;
			attributes = {
				BuildIndependentTargetsInParallel = 1;
				LastSwiftUpdateCheck = 1500;
				LastUpgradeCheck = 1500;
				TargetAttributes = {
					847770642AE44B0600811CF3 = {
						CreatedOnToolsVersion = 15.0.1;
					};
					847770752AE44B0800811CF3 = {
						CreatedOnToolsVersion = 15.0.1;
						TestTargetID = 847770642AE44B0600811CF3;
					};
					8477707F2AE44B0800811CF3 = {
						CreatedOnToolsVersion = 15.0.1;
						TestTargetID = 847770642AE44B0600811CF3;
					};
				};
			};
			buildConfigurationList = 847770602AE44B0600811CF3 /* Build configuration list for PBXProject "Assignment4" */;
			compatibilityVersion = "Xcode 14.0";
			developmentRegion = en;
			hasScannedForEncodings = 0;
			knownRegions = (
				en,
				Base,
			);
			mainGroup = 8477705C2AE44B0600811CF3;
			productRefGroup = 847770662AE44B0600811CF3 /* Products */;
			projectDirPath = "";
			projectRoot = "";
			targets = (
				847770642AE44B0600811CF3 /* Assignment4 */,
				847770752AE44B0800811CF3 /* Assignment4Tests */,
				8477707F2AE44B0800811CF3 /* Assignment4UITests */,
			);
		};
/* End PBXProject section */

/* Begin PBXResourcesBuildPhase section */
		847770632AE44B0600811CF3 /* Resources */ = {
			isa = PBXResourcesBuildPhase;
			buildActionMask = 2147483647;
			files = (
				847770712AE44B0800811CF3 /* Preview Assets.xcassets in Resources */,
				8477706D2AE44B0800811CF3 /* Assets.xcassets in Resources */,
			);
			runOnlyForDeploymentPostprocessing = 0;
		};
		847770742AE44B0800811CF3 /* Resources */ = {
			isa = PBXResourcesBuildPhase;
			buildActionMask = 2147483647;
			files = (
			);
			runOnlyForDeploymentPostprocessing = 0;
		};
		8477707E2AE44B0800811CF3 /* Resources */ = {
			isa = PBXResourcesBuildPhase;
			buildActionMask = 2147483647;
			files = (
			);
			runOnlyForDeploymentPostprocessing = 0;
		};
/* End PBXResourcesBuildPhase section */

/* Begin PBXSourcesBuildPhase section */
		847770612AE44B0600811CF3 /* Sources */ = {
			isa = PBXSourcesBuildPhase;
			buildActionMask = 2147483647;
			files = (
				8477706B2AE44B0600811CF3 /* ContentView.swift in Sources */,
				847770692AE44B0600811CF3 /* Assignment4App.swift in Sources */,
			);
			runOnlyForDeploymentPostprocessing = 0;
		};
		847770722AE44B0800811CF3 /* Sources */ = {
			isa = PBXSourcesBuildPhase;
			buildActionMask = 2147483647;
			files = (
				8477707B2AE44B0800811CF3 /* Assignment4Tests.swift in Sources */,
			);
			runOnlyForDeploymentPostprocessing = 0;
		};
		8477707C2AE44B0800811CF3 /* Sources */ = {
			isa = PBXSourcesBuildPhase;
			buildActionMask = 2147483647;
			files = (
				847770872AE44B0800811CF3 /* Assignment4UITestsLaunchTests.swift in Sources */,
				847770852AE44B0800811CF3 /* Assignment4UITests.swift in Sources */,
			);
			runOnlyForDeploymentPostprocessing = 0;
		};
/* End PBXSourcesBuildPhase section */

/* Begin PBXTargetDependency section */
		847770782AE44B0800811CF3 /* PBXTargetDependency */ = {
			isa = PBXTargetDependency;
			target = 847770642AE44B0600811CF3 /* Assignment4 */;
			targetProxy = 847770772AE44B0800811CF3 /* PBXContainerItemProxy */;
		};
		847770822AE44B0800811CF3 /* PBXTargetDependency */ = {
			isa = PBXTargetDependency;
			target = 847770642AE44B0600811CF3 /* Assignment4 */;
			targetProxy = 847770812AE44B0800811CF3 /* PBXContainerItemProxy */;
		};
/* End PBXTargetDependency section */

/* Begin XCBuildConfiguration section */
		847770882AE44B0800811CF3 /* Debug */ = {
			isa = XCBuildConfiguration;
			buildSettings = {
				ALWAYS_SEARCH_USER_PATHS = NO;
				ASSETCATALOG_COMPILER_GENERATE_SWIFT_ASSET_SYMBOL_EXTENSIONS = YES;
				CLANG_ANALYZER_NONNULL = YES;
				CLANG_ANALYZER_NUMBER_OBJECT_CONVERSION = YES_AGGRESSIVE;
				CLANG_CXX_LANGUAGE_STANDARD = "gnu++20";
				CLANG_ENABLE_MODULES = YES;
				CLANG_ENABLE_OBJC_ARC = YES;
				CLANG_ENABLE_OBJC_WEAK = YES;
				CLANG_WARN_BLOCK_CAPTURE_AUTORELEASING = YES;
				CLANG_WARN_BOOL_CONVERSION = YES;
				CLANG_WARN_COMMA = YES;
				CLANG_WARN_CONSTANT_CONVERSION = YES;
				CLANG_WARN_DEPRECATED_OBJC_IMPLEMENTATIONS = YES;
				CLANG_WARN_DIRECT_OBJC_ISA_USAGE = YES_ERROR;
				CLANG_WARN_DOCUMENTATION_COMMENTS = YES;
				CLANG_WARN_EMPTY_BODY = YES;
				CLANG_WARN_ENUM_CONVERSION = YES;
				CLANG_WARN_INFINITE_RECURSION = YES;
				CLANG_WARN_INT_CONVERSION = YES;
				CLANG_WARN_NON_LITERAL_NULL_CONVERSION = YES;
				CLANG_WARN_OBJC_IMPLICIT_RETAIN_SELF = YES;
				CLANG_WARN_OBJC_LITERAL_CONVERSION = YES;
				CLANG_WARN_OBJC_ROOT_CLASS = YES_ERROR;
				CLANG_WARN_QUOTED_INCLUDE_IN_FRAMEWORK_HEADER = YES;
				CLANG_WARN_RANGE_LOOP_ANALYSIS = YES;
				CLANG_WARN_STRICT_PROTOTYPES = YES;
				CLANG_WARN_SUSPICIOUS_MOVE = YES;
				CLANG_WARN_UNGUARDED_AVAILABILITY = YES_AGGRESSIVE;
				CLANG_WARN_UNREACHABLE_CODE = YES;
				CLANG_WARN__DUPLICATE_METHOD_MATCH = YES;
				COPY_PHASE_STRIP = NO;
				DEBUG_INFORMATION_FORMAT = dwarf;
				ENABLE_STRICT_OBJC_MSGSEND = YES;
				ENABLE_TESTABILITY = YES;
				ENABLE_USER_SCRIPT_SANDBOXING = YES;
				GCC_C_LANGUAGE_STANDARD = gnu17;
				GCC_DYNAMIC_NO_PIC = NO;
				GCC_NO_COMMON_BLOCKS = YES;
				GCC_OPTIMIZATION_LEVEL = 0;
				GCC_PREPROCESSOR_DEFINITIONS = (
					"DEBUG=1",
					"$(inherited)",
				);
				GCC_WARN_64_TO_32_BIT_CONVERSION = YES;
				GCC_WARN_ABOUT_RETURN_TYPE = YES_ERROR;
				GCC_WARN_UNDECLARED_SELECTOR = YES;
				GCC_WARN_UNINITIALIZED_AUTOS = YES_AGGRESSIVE;
				GCC_WARN_UNUSED_FUNCTION = YES;
				GCC_WARN_UNUSED_VARIABLE = YES;
				LOCALIZATION_PREFERS_STRING_CATALOGS = YES;
				MTL_ENABLE_DEBUG_INFO = INCLUDE_SOURCE;
				MTL_FAST_MATH = YES;
				ONLY_ACTIVE_ARCH = YES;
				SWIFT_ACTIVE_COMPILATION_CONDITIONS = "DEBUG $(inherited)";
				SWIFT_OPTIMIZATION_LEVEL = "-Onone";
			};
			name = Debug;
		};
		847770892AE44B0800811CF3 /* Release */ = {
			isa = XCBuildConfiguration;
			buildSettings = {
				ALWAYS_SEARCH_USER_PATHS = NO;
				ASSETCATALOG_COMPILER_GENERATE_SWIFT_ASSET_SYMBOL_EXTENSIONS = YES;
				CLANG_ANALYZER_NONNULL = YES;
				CLANG_ANALYZER_NUMBER_OBJECT_CONVERSION = YES_AGGRESSIVE;
				CLANG_CXX_LANGUAGE_STANDARD = "gnu++20";
				CLANG_ENABLE_MODULES = YES;
				CLANG_ENABLE_OBJC_ARC = YES;
				CLANG_ENABLE_OBJC_WEAK = YES;
				CLANG_WARN_BLOCK_CAPTURE_AUTORELEASING = YES;
				CLANG_WARN_BOOL_CONVERSION = YES;
				CLANG_WARN_COMMA = YES;
				CLANG_WARN_CONSTANT_CONVERSION = YES;
				CLANG_WARN_DEPRECATED_OBJC_IMPLEMENTATIONS = YES;
				CLANG_WARN_DIRECT_OBJC_ISA_USAGE = YES_ERROR;
				CLANG_WARN_DOCUMENTATION_COMMENTS = YES;
				CLANG_WARN_EMPTY_BODY = YES;
				CLANG_WARN_ENUM_CONVERSION = YES;
				CLANG_WARN_INFINITE_RECURSION = YES;
				CLANG_WARN_INT_CONVERSION = YES;
				CLANG_WARN_NON_LITERAL_NULL_CONVERSION = YES;
				CLANG_WARN_OBJC_IMPLICIT_RETAIN_SELF = YES;
				CLANG_WARN_OBJC_LITERAL_CONVERSION = YES;
				CLANG_WARN_OBJC_ROOT_CLASS = YES_ERROR;
				CLANG_WARN_QUOTED_INCLUDE_IN_FRAMEWORK_HEADER = YES;
				CLANG_WARN_RANGE_LOOP_ANALYSIS = YES;
				CLANG_WARN_STRICT_PROTOTYPES = YES;
				CLANG_WARN_SUSPICIOUS_MOVE = YES;
				CLANG_WARN_UNGUARDED_AVAILABILITY = YES_AGGRESSIVE;
				CLANG_WARN_UNREACHABLE_CODE = YES;
				CLANG_WARN__DUPLICATE_METHOD_MATCH = YES;
				COPY_PHASE_STRIP = NO;
				DEBUG_INFORMATION_FORMAT = "dwarf-with-dsym";
				ENABLE_NS_ASSERTIONS = NO;
				ENABLE_STRICT_OBJC_MSGSEND = YES;
				ENABLE_USER_SCRIPT_SANDBOXING = YES;
				GCC_C_LANGUAGE_STANDARD = gnu17;
				GCC_NO_COMMON_BLOCKS = YES;
				GCC_WARN_64_TO_32_BIT_CONVERSION = YES;
				GCC_WARN_ABOUT_RETURN_TYPE = YES_ERROR;
				GCC_WARN_UNDECLARED_SELECTOR = YES;
				GCC_WARN_UNINITIALIZED_AUTOS = YES_AGGRESSIVE;
				GCC_WARN_UNUSED_FUNCTION = YES;
				GCC_WARN_UNUSED_VARIABLE = YES;
				LOCALIZATION_PREFERS_STRING_CATALOGS = YES;
				MTL_ENABLE_DEBUG_INFO = NO;
				MTL_FAST_MATH = YES;
				SWIFT_COMPILATION_MODE = wholemodule;
			};
			name = Release;
		};
		8477708B2AE44B0800811CF3 /* Debug */ = {
			isa = XCBuildConfiguration;
			buildSettings = {
				ASSETCATALOG_COMPILER_APPICON_NAME = AppIcon;
				ASSETCATALOG_COMPILER_GLOBAL_ACCENT_COLOR_NAME = AccentColor;
				CODE_SIGN_ENTITLEMENTS = Assignment4/Assignment4.entitlements;
				CODE_SIGN_STYLE = Automatic;
				CURRENT_PROJECT_VERSION = 1;
				DEVELOPMENT_ASSET_PATHS = "\"Assignment4/Preview Content\"";
				DEVELOPMENT_TEAM = 7K7C5CJT6X;
				ENABLE_HARDENED_RUNTIME = YES;
				ENABLE_PREVIEWS = YES;
				GENERATE_INFOPLIST_FILE = YES;
				"INFOPLIST_KEY_UIApplicationSceneManifest_Generation[sdk=iphoneos*]" = YES;
				"INFOPLIST_KEY_UIApplicationSceneManifest_Generation[sdk=iphonesimulator*]" = YES;
				"INFOPLIST_KEY_UIApplicationSupportsIndirectInputEvents[sdk=iphoneos*]" = YES;
				"INFOPLIST_KEY_UIApplicationSupportsIndirectInputEvents[sdk=iphonesimulator*]" = YES;
				"INFOPLIST_KEY_UILaunchScreen_Generation[sdk=iphoneos*]" = YES;
				"INFOPLIST_KEY_UILaunchScreen_Generation[sdk=iphonesimulator*]" = YES;
				"INFOPLIST_KEY_UIStatusBarStyle[sdk=iphoneos*]" = UIStatusBarStyleDefault;
				"INFOPLIST_KEY_UIStatusBarStyle[sdk=iphonesimulator*]" = UIStatusBarStyleDefault;
				INFOPLIST_KEY_UISupportedInterfaceOrientations_iPad = "UIInterfaceOrientationPortrait UIInterfaceOrientationPortraitUpsideDown UIInterfaceOrientationLandscapeLeft UIInterfaceOrientationLandscapeRight";
				INFOPLIST_KEY_UISupportedInterfaceOrientations_iPhone = "UIInterfaceOrientationPortrait UIInterfaceOrientationLandscapeLeft UIInterfaceOrientationLandscapeRight";
				IPHONEOS_DEPLOYMENT_TARGET = 17.0;
				LD_RUNPATH_SEARCH_PATHS = "@executable_path/Frameworks";
				"LD_RUNPATH_SEARCH_PATHS[sdk=macosx*]" = "@executable_path/../Frameworks";
				MACOSX_DEPLOYMENT_TARGET = 14.0;
				MARKETING_VERSION = 1.0;
				PRODUCT_BUNDLE_IDENTIFIER = se.buddhaflow.Assignment4;
				PRODUCT_NAME = "$(TARGET_NAME)";
				SDKROOT = auto;
				SUPPORTED_PLATFORMS = "iphoneos iphonesimulator macosx";
				SWIFT_EMIT_LOC_STRINGS = YES;
				SWIFT_VERSION = 5.0;
				TARGETED_DEVICE_FAMILY = "1,2";
			};
			name = Debug;
		};
		8477708C2AE44B0800811CF3 /* Release */ = {
			isa = XCBuildConfiguration;
			buildSettings = {
				ASSETCATALOG_COMPILER_APPICON_NAME = AppIcon;
				ASSETCATALOG_COMPILER_GLOBAL_ACCENT_COLOR_NAME = AccentColor;
				CODE_SIGN_ENTITLEMENTS = Assignment4/Assignment4.entitlements;
				CODE_SIGN_STYLE = Automatic;
				CURRENT_PROJECT_VERSION = 1;
				DEVELOPMENT_ASSET_PATHS = "\"Assignment4/Preview Content\"";
				DEVELOPMENT_TEAM = 7K7C5CJT6X;
				ENABLE_HARDENED_RUNTIME = YES;
				ENABLE_PREVIEWS = YES;
				GENERATE_INFOPLIST_FILE = YES;
				"INFOPLIST_KEY_UIApplicationSceneManifest_Generation[sdk=iphoneos*]" = YES;
				"INFOPLIST_KEY_UIApplicationSceneManifest_Generation[sdk=iphonesimulator*]" = YES;
				"INFOPLIST_KEY_UIApplicationSupportsIndirectInputEvents[sdk=iphoneos*]" = YES;
				"INFOPLIST_KEY_UIApplicationSupportsIndirectInputEvents[sdk=iphonesimulator*]" = YES;
				"INFOPLIST_KEY_UILaunchScreen_Generation[sdk=iphoneos*]" = YES;
				"INFOPLIST_KEY_UILaunchScreen_Generation[sdk=iphonesimulator*]" = YES;
				"INFOPLIST_KEY_UIStatusBarStyle[sdk=iphoneos*]" = UIStatusBarStyleDefault;
				"INFOPLIST_KEY_UIStatusBarStyle[sdk=iphonesimulator*]" = UIStatusBarStyleDefault;
				INFOPLIST_KEY_UISupportedInterfaceOrientations_iPad = "UIInterfaceOrientationPortrait UIInterfaceOrientationPortraitUpsideDown UIInterfaceOrientationLandscapeLeft UIInterfaceOrientationLandscapeRight";
				INFOPLIST_KEY_UISupportedInterfaceOrientations_iPhone = "UIInterfaceOrientationPortrait UIInterfaceOrientationLandscapeLeft UIInterfaceOrientationLandscapeRight";
				IPHONEOS_DEPLOYMENT_TARGET = 17.0;
				LD_RUNPATH_SEARCH_PATHS = "@executable_path/Frameworks";
				"LD_RUNPATH_SEARCH_PATHS[sdk=macosx*]" = "@executable_path/../Frameworks";
				MACOSX_DEPLOYMENT_TARGET = 14.0;
				MARKETING_VERSION = 1.0;
				PRODUCT_BUNDLE_IDENTIFIER = se.buddhaflow.Assignment4;
				PRODUCT_NAME = "$(TARGET_NAME)";
				SDKROOT = auto;
				SUPPORTED_PLATFORMS = "iphoneos iphonesimulator macosx";
				SWIFT_EMIT_LOC_STRINGS = YES;
				SWIFT_VERSION = 5.0;
				TARGETED_DEVICE_FAMILY = "1,2";
			};
			name = Release;
		};
		8477708E2AE44B0800811CF3 /* Debug */ = {
			isa = XCBuildConfiguration;
			buildSettings = {
				ALWAYS_EMBED_SWIFT_STANDARD_LIBRARIES = YES;
				BUNDLE_LOADER = "$(TEST_HOST)";
				CODE_SIGN_STYLE = Automatic;
				CURRENT_PROJECT_VERSION = 1;
				DEVELOPMENT_TEAM = 7K7C5CJT6X;
				GENERATE_INFOPLIST_FILE = YES;
				IPHONEOS_DEPLOYMENT_TARGET = 17.0;
				MACOSX_DEPLOYMENT_TARGET = 14.0;
				MARKETING_VERSION = 1.0;
				PRODUCT_BUNDLE_IDENTIFIER = se.buddhaflow.Assignment4Tests;
				PRODUCT_NAME = "$(TARGET_NAME)";
				SDKROOT = auto;
				SUPPORTED_PLATFORMS = "iphoneos iphonesimulator macosx";
				SWIFT_EMIT_LOC_STRINGS = NO;
				SWIFT_VERSION = 5.0;
				TARGETED_DEVICE_FAMILY = "1,2";
				TEST_HOST = "$(BUILT_PRODUCTS_DIR)/Assignment4.app/$(BUNDLE_EXECUTABLE_FOLDER_PATH)/Assignment4";
			};
			name = Debug;
		};
		8477708F2AE44B0800811CF3 /* Release */ = {
			isa = XCBuildConfiguration;
			buildSettings = {
				ALWAYS_EMBED_SWIFT_STANDARD_LIBRARIES = YES;
				BUNDLE_LOADER = "$(TEST_HOST)";
				CODE_SIGN_STYLE = Automatic;
				CURRENT_PROJECT_VERSION = 1;
				DEVELOPMENT_TEAM = 7K7C5CJT6X;
				GENERATE_INFOPLIST_FILE = YES;
				IPHONEOS_DEPLOYMENT_TARGET = 17.0;
				MACOSX_DEPLOYMENT_TARGET = 14.0;
				MARKETING_VERSION = 1.0;
				PRODUCT_BUNDLE_IDENTIFIER = se.buddhaflow.Assignment4Tests;
				PRODUCT_NAME = "$(TARGET_NAME)";
				SDKROOT = auto;
				SUPPORTED_PLATFORMS = "iphoneos iphonesimulator macosx";
				SWIFT_EMIT_LOC_STRINGS = NO;
				SWIFT_VERSION = 5.0;
				TARGETED_DEVICE_FAMILY = "1,2";
				TEST_HOST = "$(BUILT_PRODUCTS_DIR)/Assignment4.app/$(BUNDLE_EXECUTABLE_FOLDER_PATH)/Assignment4";
			};
			name = Release;
		};
		847770912AE44B0800811CF3 /* Debug */ = {
			isa = XCBuildConfiguration;
			buildSettings = {
				ALWAYS_EMBED_SWIFT_STANDARD_LIBRARIES = YES;
				CODE_SIGN_STYLE = Automatic;
				CURRENT_PROJECT_VERSION = 1;
				DEVELOPMENT_TEAM = 7K7C5CJT6X;
				GENERATE_INFOPLIST_FILE = YES;
				IPHONEOS_DEPLOYMENT_TARGET = 17.0;
				MACOSX_DEPLOYMENT_TARGET = 14.0;
				MARKETING_VERSION = 1.0;
				PRODUCT_BUNDLE_IDENTIFIER = se.buddhaflow.Assignment4UITests;
				PRODUCT_NAME = "$(TARGET_NAME)";
				SDKROOT = auto;
				SUPPORTED_PLATFORMS = "iphoneos iphonesimulator macosx";
				SWIFT_EMIT_LOC_STRINGS = NO;
				SWIFT_VERSION = 5.0;
				TARGETED_DEVICE_FAMILY = "1,2";
				TEST_TARGET_NAME = Assignment4;
			};
			name = Debug;
		};
		847770922AE44B0800811CF3 /* Release */ = {
			isa = XCBuildConfiguration;
			buildSettings = {
				ALWAYS_EMBED_SWIFT_STANDARD_LIBRARIES = YES;
				CODE_SIGN_STYLE = Automatic;
				CURRENT_PROJECT_VERSION = 1;
				DEVELOPMENT_TEAM = 7K7C5CJT6X;
				GENERATE_INFOPLIST_FILE = YES;
				IPHONEOS_DEPLOYMENT_TARGET = 17.0;
				MACOSX_DEPLOYMENT_TARGET = 14.0;
				MARKETING_VERSION = 1.0;
				PRODUCT_BUNDLE_IDENTIFIER = se.buddhaflow.Assignment4UITests;
				PRODUCT_NAME = "$(TARGET_NAME)";
				SDKROOT = auto;
				SUPPORTED_PLATFORMS = "iphoneos iphonesimulator macosx";
				SWIFT_EMIT_LOC_STRINGS = NO;
				SWIFT_VERSION = 5.0;
				TARGETED_DEVICE_FAMILY = "1,2";
				TEST_TARGET_NAME = Assignment4;
			};
			name = Release;
		};
/* End XCBuildConfiguration section */

/* Begin XCConfigurationList section */
		847770602AE44B0600811CF3 /* Build configuration list for PBXProject "Assignment4" */ = {
			isa = XCConfigurationList;
			buildConfigurations = (
				847770882AE44B0800811CF3 /* Debug */,
				847770892AE44B0800811CF3 /* Release */,
			);
			defaultConfigurationIsVisible = 0;
			defaultConfigurationName = Release;
		};
		8477708A2AE44B0800811CF3 /* Build configuration list for PBXNativeTarget "Assignment4" */ = {
			isa = XCConfigurationList;
			buildConfigurations = (
				8477708B2AE44B0800811CF3 /* Debug */,
				8477708C2AE44B0800811CF3 /* Release */,
			);
			defaultConfigurationIsVisible = 0;
			defaultConfigurationName = Release;
		};
		8477708D2AE44B0800811CF3 /* Build configuration list for PBXNativeTarget "Assignment4Tests" */ = {
			isa = XCConfigurationList;
			buildConfigurations = (
				8477708E2AE44B0800811CF3 /* Debug */,
				8477708F2AE44B0800811CF3 /* Release */,
			);
			defaultConfigurationIsVisible = 0;
			defaultConfigurationName = Release;
		};
		847770902AE44B0800811CF3 /* Build configuration list for PBXNativeTarget "Assignment4UITests" */ = {
			isa = XCConfigurationList;
			buildConfigurations = (
				847770912AE44B0800811CF3 /* Debug */,
				847770922AE44B0800811CF3 /* Release */,
			);
			defaultConfigurationIsVisible = 0;
			defaultConfigurationName = Release;
		};
/* End XCConfigurationList section */
	};
	rootObject = 8477705D2AE44B0600811CF3 /* Project object */;
}
